{
  "requires": true,
  "lockfileVersion": 1,
  "dependencies": {
    "dark-mode-toggle": {
      "version": "0.2.4",
      "resolved": "https://registry.npmjs.org/dark-mode-toggle/-/dark-mode-toggle-0.2.4.tgz",
      "integrity": "sha512-SOvL3TrR1duI9ZGbs7KcT71JCYwpWQrKjL20LLqr6CxP0flftlV5zkHvWKBUZEZIBCoK9GQkR46EmP2BOfZb2w=="
    }
  }
}
